// !$*UTF8*$!
{
	archiveVersion = 1;
	classes = {
	};
	objectVersion = 56;
	objects = {

/* Begin PBXBuildFile section */
		8002D16E2C2435370018E2C8 /* Prayer.swift in Sources */ = {isa = PBXBuildFile; fileRef = 8002D16D2C2435370018E2C8 /* Prayer.swift */; };
		8002D1712C24AA690018E2C8 /* PrayerViewModel.swift in Sources */ = {isa = PBXBuildFile; fileRef = 8002D1702C24AA690018E2C8 /* PrayerViewModel.swift */; };
		80312B092BF77E9E0097A4C4 /* TempView.swift in Sources */ = {isa = PBXBuildFile; fileRef = 80312B082BF77E9E0097A4C4 /* TempView.swift */; };
		803BDA972BFBC57E001A47F8 /* Mukta-Regular.ttf in Resources */ = {isa = PBXBuildFile; fileRef = 803BDA902BFBC57E001A47F8 /* Mukta-Regular.ttf */; };
		803BDA982BFBC57E001A47F8 /* Mukta-Light.ttf in Resources */ = {isa = PBXBuildFile; fileRef = 803BDA912BFBC57E001A47F8 /* Mukta-Light.ttf */; };
		803BDA992BFBC57E001A47F8 /* Mukta-ExtraLight.ttf in Resources */ = {isa = PBXBuildFile; fileRef = 803BDA922BFBC57E001A47F8 /* Mukta-ExtraLight.ttf */; };
		803BDA9A2BFBC57E001A47F8 /* Mukta-SemiBold.ttf in Resources */ = {isa = PBXBuildFile; fileRef = 803BDA932BFBC57E001A47F8 /* Mukta-SemiBold.ttf */; };
		803BDA9B2BFBC57E001A47F8 /* Mukta-Bold.ttf in Resources */ = {isa = PBXBuildFile; fileRef = 803BDA942BFBC57E001A47F8 /* Mukta-Bold.ttf */; };
		803BDA9C2BFBC57E001A47F8 /* Mukta-Medium.ttf in Resources */ = {isa = PBXBuildFile; fileRef = 803BDA952BFBC57E001A47F8 /* Mukta-Medium.ttf */; };
		803BDA9D2BFBC57E001A47F8 /* Mukta-ExtraBold.ttf in Resources */ = {isa = PBXBuildFile; fileRef = 803BDA962BFBC57E001A47F8 /* Mukta-ExtraBold.ttf */; };
		8044E8472BED5B5500CD186F /* PTRootView.swift in Sources */ = {isa = PBXBuildFile; fileRef = 8044E8462BED5B5500CD186F /* PTRootView.swift */; };
		8044E8492BED5C6700CD186F /* PTStats.swift in Sources */ = {isa = PBXBuildFile; fileRef = 8044E8482BED5C6700CD186F /* PTStats.swift */; };
		8044E84B2BED5D1800CD186F /* PTMarkPrayer.swift in Sources */ = {isa = PBXBuildFile; fileRef = 8044E84A2BED5D1800CD186F /* PTMarkPrayer.swift */; };
		8044E84F2BED61D200CD186F /* Localizable.strings in Resources */ = {isa = PBXBuildFile; fileRef = 8044E8512BED61D200CD186F /* Localizable.strings */; };
		807398DB2BFBC25400310623 /* PTColor.swift in Sources */ = {isa = PBXBuildFile; fileRef = 807398DA2BFBC25400310623 /* PTColor.swift */; };
		807EDFB62C1B17BC005552C8 /* PTFont.swift in Sources */ = {isa = PBXBuildFile; fileRef = 807EDFB52C1B17BC005552C8 /* PTFont.swift */; };
		80B186622B99D46D0077683D /* PrayerTrackerApp.swift in Sources */ = {isa = PBXBuildFile; fileRef = 80B186612B99D46D0077683D /* PrayerTrackerApp.swift */; };
		80B186642B99D46D0077683D /* ContentView.swift in Sources */ = {isa = PBXBuildFile; fileRef = 80B186632B99D46D0077683D /* ContentView.swift */; };
		80B186662B99D46E0077683D /* Assets.xcassets in Resources */ = {isa = PBXBuildFile; fileRef = 80B186652B99D46E0077683D /* Assets.xcassets */; };
		80B186692B99D46E0077683D /* Preview Assets.xcassets in Resources */ = {isa = PBXBuildFile; fileRef = 80B186682B99D46E0077683D /* Preview Assets.xcassets */; };
		80B1866B2B99D46E0077683D /* Persistence.swift in Sources */ = {isa = PBXBuildFile; fileRef = 80B1866A2B99D46E0077683D /* Persistence.swift */; };
		80B1866E2B99D46E0077683D /* PrayerTracker.xcdatamodeld in Sources */ = {isa = PBXBuildFile; fileRef = 80B1866C2B99D46E0077683D /* PrayerTracker.xcdatamodeld */; };
		80FF53BA2BFA656E00732DCF /* PTDate.swift in Sources */ = {isa = PBXBuildFile; fileRef = 80FF53B92BFA656E00732DCF /* PTDate.swift */; };
/* End PBXBuildFile section */

/* Begin PBXFileReference section */
		8002D16D2C2435370018E2C8 /* Prayer.swift */ = {isa = PBXFileReference; lastKnownFileType = sourcecode.swift; path = Prayer.swift; sourceTree = "<group>"; };
		8002D1702C24AA690018E2C8 /* PrayerViewModel.swift */ = {isa = PBXFileReference; lastKnownFileType = sourcecode.swift; path = PrayerViewModel.swift; sourceTree = "<group>"; };
		80312B082BF77E9E0097A4C4 /* TempView.swift */ = {isa = PBXFileReference; lastKnownFileType = sourcecode.swift; path = TempView.swift; sourceTree = "<group>"; };
		803BDA8F2BFBC442001A47F8 /* Info.plist */ = {isa = PBXFileReference; lastKnownFileType = text.plist; path = Info.plist; sourceTree = "<group>"; };
		803BDA902BFBC57E001A47F8 /* Mukta-Regular.ttf */ = {isa = PBXFileReference; lastKnownFileType = file; path = "Mukta-Regular.ttf"; sourceTree = "<group>"; };
		803BDA912BFBC57E001A47F8 /* Mukta-Light.ttf */ = {isa = PBXFileReference; lastKnownFileType = file; path = "Mukta-Light.ttf"; sourceTree = "<group>"; };
		803BDA922BFBC57E001A47F8 /* Mukta-ExtraLight.ttf */ = {isa = PBXFileReference; lastKnownFileType = file; path = "Mukta-ExtraLight.ttf"; sourceTree = "<group>"; };
		803BDA932BFBC57E001A47F8 /* Mukta-SemiBold.ttf */ = {isa = PBXFileReference; lastKnownFileType = file; path = "Mukta-SemiBold.ttf"; sourceTree = "<group>"; };
		803BDA942BFBC57E001A47F8 /* Mukta-Bold.ttf */ = {isa = PBXFileReference; lastKnownFileType = file; path = "Mukta-Bold.ttf"; sourceTree = "<group>"; };
		803BDA952BFBC57E001A47F8 /* Mukta-Medium.ttf */ = {isa = PBXFileReference; lastKnownFileType = file; path = "Mukta-Medium.ttf"; sourceTree = "<group>"; };
		803BDA962BFBC57E001A47F8 /* Mukta-ExtraBold.ttf */ = {isa = PBXFileReference; lastKnownFileType = file; path = "Mukta-ExtraBold.ttf"; sourceTree = "<group>"; };
		8044E8462BED5B5500CD186F /* PTRootView.swift */ = {isa = PBXFileReference; lastKnownFileType = sourcecode.swift; path = PTRootView.swift; sourceTree = "<group>"; };
		8044E8482BED5C6700CD186F /* PTStats.swift */ = {isa = PBXFileReference; lastKnownFileType = sourcecode.swift; path = PTStats.swift; sourceTree = "<group>"; };
		8044E84A2BED5D1800CD186F /* PTMarkPrayer.swift */ = {isa = PBXFileReference; lastKnownFileType = sourcecode.swift; path = PTMarkPrayer.swift; sourceTree = "<group>"; };
		8044E8502BED61D200CD186F /* en */ = {isa = PBXFileReference; lastKnownFileType = text.plist.strings; name = en; path = en.lproj/Localizable.strings; sourceTree = "<group>"; };
		8044E8522BED61D900CD186F /* en-IN */ = {isa = PBXFileReference; lastKnownFileType = text.plist.strings; name = "en-IN"; path = "en-IN.lproj/Localizable.strings"; sourceTree = "<group>"; };
		8044E8532BED61E000CD186F /* ur */ = {isa = PBXFileReference; lastKnownFileType = text.plist.strings; name = ur; path = ur.lproj/Localizable.strings; sourceTree = "<group>"; };
		807398DA2BFBC25400310623 /* PTColor.swift */ = {isa = PBXFileReference; fileEncoding = 4; lastKnownFileType = sourcecode.swift; path = PTColor.swift; sourceTree = "<group>"; };
		807EDFB52C1B17BC005552C8 /* PTFont.swift */ = {isa = PBXFileReference; lastKnownFileType = sourcecode.swift; path = PTFont.swift; sourceTree = "<group>"; };
		80B1865E2B99D46D0077683D /* PrayerTracker.app */ = {isa = PBXFileReference; explicitFileType = wrapper.application; includeInIndex = 0; path = PrayerTracker.app; sourceTree = BUILT_PRODUCTS_DIR; };
		80B186612B99D46D0077683D /* PrayerTrackerApp.swift */ = {isa = PBXFileReference; lastKnownFileType = sourcecode.swift; path = PrayerTrackerApp.swift; sourceTree = "<group>"; };
		80B186632B99D46D0077683D /* ContentView.swift */ = {isa = PBXFileReference; lastKnownFileType = sourcecode.swift; path = ContentView.swift; sourceTree = "<group>"; };
		80B186652B99D46E0077683D /* Assets.xcassets */ = {isa = PBXFileReference; lastKnownFileType = folder.assetcatalog; path = Assets.xcassets; sourceTree = "<group>"; };
		80B186682B99D46E0077683D /* Preview Assets.xcassets */ = {isa = PBXFileReference; lastKnownFileType = folder.assetcatalog; path = "Preview Assets.xcassets"; sourceTree = "<group>"; };
		80B1866A2B99D46E0077683D /* Persistence.swift */ = {isa = PBXFileReference; lastKnownFileType = sourcecode.swift; path = Persistence.swift; sourceTree = "<group>"; };
		80B1866D2B99D46E0077683D /* PrayerTracker.xcdatamodel */ = {isa = PBXFileReference; lastKnownFileType = wrapper.xcdatamodel; path = PrayerTracker.xcdatamodel; sourceTree = "<group>"; };
		80FF53B92BFA656E00732DCF /* PTDate.swift */ = {isa = PBXFileReference; lastKnownFileType = sourcecode.swift; path = PTDate.swift; sourceTree = "<group>"; };
/* End PBXFileReference section */

/* Begin PBXFrameworksBuildPhase section */
		80B1865B2B99D46D0077683D /* Frameworks */ = {
			isa = PBXFrameworksBuildPhase;
			buildActionMask = 2147483647;
			files = (
			);
			runOnlyForDeploymentPostprocessing = 0;
		};
/* End PBXFrameworksBuildPhase section */

/* Begin PBXGroup section */
		8002D16C2C2435150018E2C8 /* Model */ = {
			isa = PBXGroup;
			children = (
				8002D16D2C2435370018E2C8 /* Prayer.swift */,
			);
			path = Model;
			sourceTree = "<group>";
		};
		8002D16F2C24AA4E0018E2C8 /* ViewModels */ = {
			isa = PBXGroup;
			children = (
				8002D1702C24AA690018E2C8 /* PrayerViewModel.swift */,
			);
			path = ViewModels;
			sourceTree = "<group>";
		};
		803BDA462BFBC3CE001A47F8 /* Fonts */ = {
			isa = PBXGroup;
			children = (
				803BDA942BFBC57E001A47F8 /* Mukta-Bold.ttf */,
				803BDA962BFBC57E001A47F8 /* Mukta-ExtraBold.ttf */,
				803BDA922BFBC57E001A47F8 /* Mukta-ExtraLight.ttf */,
				803BDA912BFBC57E001A47F8 /* Mukta-Light.ttf */,
				803BDA952BFBC57E001A47F8 /* Mukta-Medium.ttf */,
				803BDA902BFBC57E001A47F8 /* Mukta-Regular.ttf */,
				803BDA932BFBC57E001A47F8 /* Mukta-SemiBold.ttf */,
			);
			path = Fonts;
			sourceTree = "<group>";
		};
		8044E84C2BED611800CD186F /* Resource */ = {
			isa = PBXGroup;
			children = (
				803BDA462BFBC3CE001A47F8 /* Fonts */,
				8044E8512BED61D200CD186F /* Localizable.strings */,
			);
			path = Resource;
			sourceTree = "<group>";
		};
		80B186552B99D46D0077683D = {
			isa = PBXGroup;
			children = (
				80B186602B99D46D0077683D /* PrayerTracker */,
				80B1865F2B99D46D0077683D /* Products */,
			);
			sourceTree = "<group>";
		};
		80B1865F2B99D46D0077683D /* Products */ = {
			isa = PBXGroup;
			children = (
				80B1865E2B99D46D0077683D /* PrayerTracker.app */,
			);
			name = Products;
			sourceTree = "<group>";
		};
		80B186602B99D46D0077683D /* PrayerTracker */ = {
			isa = PBXGroup;
			children = (
				803BDA8F2BFBC442001A47F8 /* Info.plist */,
				80FF53B82BFA654C00732DCF /* Utils */,
				80B186742B99D4FF0077683D /* Views */,
				8002D16C2C2435150018E2C8 /* Model */,
				8002D16F2C24AA4E0018E2C8 /* ViewModels */,
				8044E84C2BED611800CD186F /* Resource */,
				80B186612B99D46D0077683D /* PrayerTrackerApp.swift */,
				80B186652B99D46E0077683D /* Assets.xcassets */,
				80B1866A2B99D46E0077683D /* Persistence.swift */,
				80B186632B99D46D0077683D /* ContentView.swift */,
				80B1866C2B99D46E0077683D /* PrayerTracker.xcdatamodeld */,
				80B186672B99D46E0077683D /* Preview Content */,
			);
			path = PrayerTracker;
			sourceTree = "<group>";
		};
		80B186672B99D46E0077683D /* Preview Content */ = {
			isa = PBXGroup;
			children = (
				80B186682B99D46E0077683D /* Preview Assets.xcassets */,
			);
			path = "Preview Content";
			sourceTree = "<group>";
		};
		80B186742B99D4FF0077683D /* Views */ = {
			isa = PBXGroup;
			children = (
				8044E8462BED5B5500CD186F /* PTRootView.swift */,
				8044E8482BED5C6700CD186F /* PTStats.swift */,
				8044E84A2BED5D1800CD186F /* PTMarkPrayer.swift */,
				80312B082BF77E9E0097A4C4 /* TempView.swift */,
			);
			path = Views;
			sourceTree = "<group>";
		};
		80FF53B82BFA654C00732DCF /* Utils */ = {
			isa = PBXGroup;
			children = (
				80FF53B92BFA656E00732DCF /* PTDate.swift */,
				807398DA2BFBC25400310623 /* PTColor.swift */,
				807EDFB52C1B17BC005552C8 /* PTFont.swift */,
			);
			path = Utils;
			sourceTree = "<group>";
		};
/* End PBXGroup section */

/* Begin PBXNativeTarget section */
		80B1865D2B99D46D0077683D /* PrayerTracker */ = {
			isa = PBXNativeTarget;
			buildConfigurationList = 80B186712B99D46E0077683D /* Build configuration list for PBXNativeTarget "PrayerTracker" */;
			buildPhases = (
				80B1865A2B99D46D0077683D /* Sources */,
				80B1865B2B99D46D0077683D /* Frameworks */,
				80B1865C2B99D46D0077683D /* Resources */,
			);
			buildRules = (
			);
			dependencies = (
			);
			name = PrayerTracker;
			productName = PrayerTracker;
			productReference = 80B1865E2B99D46D0077683D /* PrayerTracker.app */;
			productType = "com.apple.product-type.application";
		};
/* End PBXNativeTarget section */

/* Begin PBXProject section */
		80B186562B99D46D0077683D /* Project object */ = {
			isa = PBXProject;
			attributes = {
				BuildIndependentTargetsInParallel = 1;
				LastSwiftUpdateCheck = 1500;
				LastUpgradeCheck = 1500;
				TargetAttributes = {
					80B1865D2B99D46D0077683D = {
						CreatedOnToolsVersion = 15.0;
					};
				};
			};
			buildConfigurationList = 80B186592B99D46D0077683D /* Build configuration list for PBXProject "PrayerTracker" */;
			compatibilityVersion = "Xcode 14.0";
			developmentRegion = en;
			hasScannedForEncodings = 0;
			knownRegions = (
				en,
				Base,
				"en-IN",
				ur,
			);
			mainGroup = 80B186552B99D46D0077683D;
			productRefGroup = 80B1865F2B99D46D0077683D /* Products */;
			projectDirPath = "";
			projectRoot = "";
			targets = (
				80B1865D2B99D46D0077683D /* PrayerTracker */,
			);
		};
/* End PBXProject section */

/* Begin PBXResourcesBuildPhase section */
		80B1865C2B99D46D0077683D /* Resources */ = {
			isa = PBXResourcesBuildPhase;
			buildActionMask = 2147483647;
			files = (
				803BDA982BFBC57E001A47F8 /* Mukta-Light.ttf in Resources */,
				80B186692B99D46E0077683D /* Preview Assets.xcassets in Resources */,
				803BDA992BFBC57E001A47F8 /* Mukta-ExtraLight.ttf in Resources */,
				803BDA9A2BFBC57E001A47F8 /* Mukta-SemiBold.ttf in Resources */,
				803BDA972BFBC57E001A47F8 /* Mukta-Regular.ttf in Resources */,
				803BDA9B2BFBC57E001A47F8 /* Mukta-Bold.ttf in Resources */,
				8044E84F2BED61D200CD186F /* Localizable.strings in Resources */,
				803BDA9C2BFBC57E001A47F8 /* Mukta-Medium.ttf in Resources */,
				80B186662B99D46E0077683D /* Assets.xcassets in Resources */,
				803BDA9D2BFBC57E001A47F8 /* Mukta-ExtraBold.ttf in Resources */,
			);
			runOnlyForDeploymentPostprocessing = 0;
		};
/* End PBXResourcesBuildPhase section */

/* Begin PBXSourcesBuildPhase section */
		80B1865A2B99D46D0077683D /* Sources */ = {
			isa = PBXSourcesBuildPhase;
			buildActionMask = 2147483647;
			files = (
				80B1866B2B99D46E0077683D /* Persistence.swift in Sources */,
				807EDFB62C1B17BC005552C8 /* PTFont.swift in Sources */,
				80B1866E2B99D46E0077683D /* PrayerTracker.xcdatamodeld in Sources */,
				80312B092BF77E9E0097A4C4 /* TempView.swift in Sources */,
				8044E8472BED5B5500CD186F /* PTRootView.swift in Sources */,
				8044E8492BED5C6700CD186F /* PTStats.swift in Sources */,
				8002D16E2C2435370018E2C8 /* Prayer.swift in Sources */,
				807398DB2BFBC25400310623 /* PTColor.swift in Sources */,
				8044E84B2BED5D1800CD186F /* PTMarkPrayer.swift in Sources */,
				80B186642B99D46D0077683D /* ContentView.swift in Sources */,
				8002D1712C24AA690018E2C8 /* PrayerViewModel.swift in Sources */,
				80FF53BA2BFA656E00732DCF /* PTDate.swift in Sources */,
				80B186622B99D46D0077683D /* PrayerTrackerApp.swift in Sources */,
			);
			runOnlyForDeploymentPostprocessing = 0;
		};
/* End PBXSourcesBuildPhase section */

/* Begin PBXVariantGroup section */
		8044E8512BED61D200CD186F /* Localizable.strings */ = {
			isa = PBXVariantGroup;
			children = (
				8044E8502BED61D200CD186F /* en */,
				8044E8522BED61D900CD186F /* en-IN */,
				8044E8532BED61E000CD186F /* ur */,
			);
			name = Localizable.strings;
			sourceTree = "<group>";
		};
/* End PBXVariantGroup section */

/* Begin XCBuildConfiguration section */
		80B1866F2B99D46E0077683D /* Debug */ = {
			isa = XCBuildConfiguration;
			buildSettings = {
				ALWAYS_SEARCH_USER_PATHS = NO;
				ASSETCATALOG_COMPILER_GENERATE_SWIFT_ASSET_SYMBOL_EXTENSIONS = YES;
				CLANG_ANALYZER_NONNULL = YES;
				CLANG_ANALYZER_NUMBER_OBJECT_CONVERSION = YES_AGGRESSIVE;
				CLANG_CXX_LANGUAGE_STANDARD = "gnu++20";
				CLANG_ENABLE_MODULES = YES;
				CLANG_ENABLE_OBJC_ARC = YES;
				CLANG_ENABLE_OBJC_WEAK = YES;
				CLANG_WARN_BLOCK_CAPTURE_AUTORELEASING = YES;
				CLANG_WARN_BOOL_CONVERSION = YES;
				CLANG_WARN_COMMA = YES;
				CLANG_WARN_CONSTANT_CONVERSION = YES;
				CLANG_WARN_DEPRECATED_OBJC_IMPLEMENTATIONS = YES;
				CLANG_WARN_DIRECT_OBJC_ISA_USAGE = YES_ERROR;
				CLANG_WARN_DOCUMENTATION_COMMENTS = YES;
				CLANG_WARN_EMPTY_BODY = YES;
				CLANG_WARN_ENUM_CONVERSION = YES;
				CLANG_WARN_INFINITE_RECURSION = YES;
				CLANG_WARN_INT_CONVERSION = YES;
				CLANG_WARN_NON_LITERAL_NULL_CONVERSION = YES;
				CLANG_WARN_OBJC_IMPLICIT_RETAIN_SELF = YES;
				CLANG_WARN_OBJC_LITERAL_CONVERSION = YES;
				CLANG_WARN_OBJC_ROOT_CLASS = YES_ERROR;
				CLANG_WARN_QUOTED_INCLUDE_IN_FRAMEWORK_HEADER = YES;
				CLANG_WARN_RANGE_LOOP_ANALYSIS = YES;
				CLANG_WARN_STRICT_PROTOTYPES = YES;
				CLANG_WARN_SUSPICIOUS_MOVE = YES;
				CLANG_WARN_UNGUARDED_AVAILABILITY = YES_AGGRESSIVE;
				CLANG_WARN_UNREACHABLE_CODE = YES;
				CLANG_WARN__DUPLICATE_METHOD_MATCH = YES;
				COPY_PHASE_STRIP = NO;
				DEBUG_INFORMATION_FORMAT = dwarf;
				ENABLE_STRICT_OBJC_MSGSEND = YES;
				ENABLE_TESTABILITY = YES;
				ENABLE_USER_SCRIPT_SANDBOXING = YES;
				GCC_C_LANGUAGE_STANDARD = gnu17;
				GCC_DYNAMIC_NO_PIC = NO;
				GCC_NO_COMMON_BLOCKS = YES;
				GCC_OPTIMIZATION_LEVEL = 0;
				GCC_PREPROCESSOR_DEFINITIONS = (
					"DEBUG=1",
					"$(inherited)",
				);
				GCC_WARN_64_TO_32_BIT_CONVERSION = YES;
				GCC_WARN_ABOUT_RETURN_TYPE = YES_ERROR;
				GCC_WARN_UNDECLARED_SELECTOR = YES;
				GCC_WARN_UNINITIALIZED_AUTOS = YES_AGGRESSIVE;
				GCC_WARN_UNUSED_FUNCTION = YES;
				GCC_WARN_UNUSED_VARIABLE = YES;
				IPHONEOS_DEPLOYMENT_TARGET = 17.0;
				LOCALIZATION_PREFERS_STRING_CATALOGS = YES;
				MTL_ENABLE_DEBUG_INFO = INCLUDE_SOURCE;
				MTL_FAST_MATH = YES;
				ONLY_ACTIVE_ARCH = YES;
				SDKROOT = iphoneos;
				SWIFT_ACTIVE_COMPILATION_CONDITIONS = "DEBUG $(inherited)";
				SWIFT_OPTIMIZATION_LEVEL = "-Onone";
			};
			name = Debug;
		};
		80B186702B99D46E0077683D /* Release */ = {
			isa = XCBuildConfiguration;
			buildSettings = {
				ALWAYS_SEARCH_USER_PATHS = NO;
				ASSETCATALOG_COMPILER_GENERATE_SWIFT_ASSET_SYMBOL_EXTENSIONS = YES;
				CLANG_ANALYZER_NONNULL = YES;
				CLANG_ANALYZER_NUMBER_OBJECT_CONVERSION = YES_AGGRESSIVE;
				CLANG_CXX_LANGUAGE_STANDARD = "gnu++20";
				CLANG_ENABLE_MODULES = YES;
				CLANG_ENABLE_OBJC_ARC = YES;
				CLANG_ENABLE_OBJC_WEAK = YES;
				CLANG_WARN_BLOCK_CAPTURE_AUTORELEASING = YES;
				CLANG_WARN_BOOL_CONVERSION = YES;
				CLANG_WARN_COMMA = YES;
				CLANG_WARN_CONSTANT_CONVERSION = YES;
				CLANG_WARN_DEPRECATED_OBJC_IMPLEMENTATIONS = YES;
				CLANG_WARN_DIRECT_OBJC_ISA_USAGE = YES_ERROR;
				CLANG_WARN_DOCUMENTATION_COMMENTS = YES;
				CLANG_WARN_EMPTY_BODY = YES;
				CLANG_WARN_ENUM_CONVERSION = YES;
				CLANG_WARN_INFINITE_RECURSION = YES;
				CLANG_WARN_INT_CONVERSION = YES;
				CLANG_WARN_NON_LITERAL_NULL_CONVERSION = YES;
				CLANG_WARN_OBJC_IMPLICIT_RETAIN_SELF = YES;
				CLANG_WARN_OBJC_LITERAL_CONVERSION = YES;
				CLANG_WARN_OBJC_ROOT_CLASS = YES_ERROR;
				CLANG_WARN_QUOTED_INCLUDE_IN_FRAMEWORK_HEADER = YES;
				CLANG_WARN_RANGE_LOOP_ANALYSIS = YES;
				CLANG_WARN_STRICT_PROTOTYPES = YES;
				CLANG_WARN_SUSPICIOUS_MOVE = YES;
				CLANG_WARN_UNGUARDED_AVAILABILITY = YES_AGGRESSIVE;
				CLANG_WARN_UNREACHABLE_CODE = YES;
				CLANG_WARN__DUPLICATE_METHOD_MATCH = YES;
				COPY_PHASE_STRIP = NO;
				DEBUG_INFORMATION_FORMAT = "dwarf-with-dsym";
				ENABLE_NS_ASSERTIONS = NO;
				ENABLE_STRICT_OBJC_MSGSEND = YES;
				ENABLE_USER_SCRIPT_SANDBOXING = YES;
				GCC_C_LANGUAGE_STANDARD = gnu17;
				GCC_NO_COMMON_BLOCKS = YES;
				GCC_WARN_64_TO_32_BIT_CONVERSION = YES;
				GCC_WARN_ABOUT_RETURN_TYPE = YES_ERROR;
				GCC_WARN_UNDECLARED_SELECTOR = YES;
				GCC_WARN_UNINITIALIZED_AUTOS = YES_AGGRESSIVE;
				GCC_WARN_UNUSED_FUNCTION = YES;
				GCC_WARN_UNUSED_VARIABLE = YES;
				IPHONEOS_DEPLOYMENT_TARGET = 17.0;
				LOCALIZATION_PREFERS_STRING_CATALOGS = YES;
				MTL_ENABLE_DEBUG_INFO = NO;
				MTL_FAST_MATH = YES;
				SDKROOT = iphoneos;
				SWIFT_COMPILATION_MODE = wholemodule;
				VALIDATE_PRODUCT = YES;
			};
			name = Release;
		};
		80B186722B99D46E0077683D /* Debug */ = {
			isa = XCBuildConfiguration;
			buildSettings = {
				ASSETCATALOG_COMPILER_APPICON_NAME = AppIcon;
				ASSETCATALOG_COMPILER_GLOBAL_ACCENT_COLOR_NAME = AccentColor;
				CODE_SIGN_STYLE = Automatic;
				CURRENT_PROJECT_VERSION = 1;
				DEVELOPMENT_ASSET_PATHS = "\"PrayerTracker/Preview Content\"";
				ENABLE_PREVIEWS = YES;
				GENERATE_INFOPLIST_FILE = YES;
				INFOPLIST_FILE = PrayerTracker/Info.plist;
				INFOPLIST_KEY_UIApplicationSceneManifest_Generation = YES;
				INFOPLIST_KEY_UIApplicationSupportsIndirectInputEvents = YES;
				INFOPLIST_KEY_UILaunchScreen_Generation = YES;
				INFOPLIST_KEY_UISupportedInterfaceOrientations_iPad = "UIInterfaceOrientationPortrait UIInterfaceOrientationPortraitUpsideDown UIInterfaceOrientationLandscapeLeft UIInterfaceOrientationLandscapeRight";
				INFOPLIST_KEY_UISupportedInterfaceOrientations_iPhone = "UIInterfaceOrientationPortrait UIInterfaceOrientationLandscapeLeft UIInterfaceOrientationLandscapeRight";
				LD_RUNPATH_SEARCH_PATHS = (
					"$(inherited)",
					"@executable_path/Frameworks",
				);
				MARKETING_VERSION = 1.0;
				PRODUCT_BUNDLE_IDENTIFIER = Nouman.PrayerTracker;
				PRODUCT_NAME = "$(TARGET_NAME)";
				SWIFT_EMIT_LOC_STRINGS = YES;
				SWIFT_VERSION = 5.0;
				TARGETED_DEVICE_FAMILY = "1,2";
			};
			name = Debug;
		};
		80B186732B99D46E0077683D /* Release */ = {
			isa = XCBuildConfiguration;
			buildSettings = {
				ASSETCATALOG_COMPILER_APPICON_NAME = AppIcon;
				ASSETCATALOG_COMPILER_GLOBAL_ACCENT_COLOR_NAME = AccentColor;
				CODE_SIGN_STYLE = Automatic;
				CURRENT_PROJECT_VERSION = 1;
				DEVELOPMENT_ASSET_PATHS = "\"PrayerTracker/Preview Content\"";
				ENABLE_PREVIEWS = YES;
				GENERATE_INFOPLIST_FILE = YES;
				INFOPLIST_FILE = PrayerTracker/Info.plist;
				INFOPLIST_KEY_UIApplicationSceneManifest_Generation = YES;
				INFOPLIST_KEY_UIApplicationSupportsIndirectInputEvents = YES;
				INFOPLIST_KEY_UILaunchScreen_Generation = YES;
				INFOPLIST_KEY_UISupportedInterfaceOrientations_iPad = "UIInterfaceOrientationPortrait UIInterfaceOrientationPortraitUpsideDown UIInterfaceOrientationLandscapeLeft UIInterfaceOrientationLandscapeRight";
				INFOPLIST_KEY_UISupportedInterfaceOrientations_iPhone = "UIInterfaceOrientationPortrait UIInterfaceOrientationLandscapeLeft UIInterfaceOrientationLandscapeRight";
				LD_RUNPATH_SEARCH_PATHS = (
					"$(inherited)",
					"@executable_path/Frameworks",
				);
				MARKETING_VERSION = 1.0;
				PRODUCT_BUNDLE_IDENTIFIER = Nouman.PrayerTracker;
				PRODUCT_NAME = "$(TARGET_NAME)";
				SWIFT_EMIT_LOC_STRINGS = YES;
				SWIFT_VERSION = 5.0;
				TARGETED_DEVICE_FAMILY = "1,2";
			};
			name = Release;
		};
/* End XCBuildConfiguration section */

/* Begin XCConfigurationList section */
		80B186592B99D46D0077683D /* Build configuration list for PBXProject "PrayerTracker" */ = {
			isa = XCConfigurationList;
			buildConfigurations = (
				80B1866F2B99D46E0077683D /* Debug */,
				80B186702B99D46E0077683D /* Release */,
			);
			defaultConfigurationIsVisible = 0;
			defaultConfigurationName = Release;
		};
		80B186712B99D46E0077683D /* Build configuration list for PBXNativeTarget "PrayerTracker" */ = {
			isa = XCConfigurationList;
			buildConfigurations = (
				80B186722B99D46E0077683D /* Debug */,
				80B186732B99D46E0077683D /* Release */,
			);
			defaultConfigurationIsVisible = 0;
			defaultConfigurationName = Release;
		};
/* End XCConfigurationList section */

/* Begin XCVersionGroup section */
		80B1866C2B99D46E0077683D /* PrayerTracker.xcdatamodeld */ = {
			isa = XCVersionGroup;
			children = (
				80B1866D2B99D46E0077683D /* PrayerTracker.xcdatamodel */,
			);
			currentVersion = 80B1866D2B99D46E0077683D /* PrayerTracker.xcdatamodel */;
			path = PrayerTracker.xcdatamodeld;
			sourceTree = "<group>";
			versionGroupType = wrapper.xcdatamodel;
		};
/* End XCVersionGroup section */
	};
	rootObject = 80B186562B99D46D0077683D /* Project object */;
}
